dependencies:
- name: kube-prometheus-stack
  repository: https://prometheus-community.github.io/helm-charts
  version: 82.10.4
- name: postgresql
  repository: oci://registry-1.docker.io/bitnamicharts
  version: 16.4.16
digest: sha256:bd576ab78bd37b60d013e5b21018bd645c1d87154c96dad82b1b2fe58bc7e347
generated: "2026-03-16T10:19:19.686065-04:00"
